// !$*UTF8*$!
{
	archiveVersion = 1;
	classes = {
	};
	objectVersion = 70;
	objects = {

/* Begin PBXBuildFile section */
		064A71452CB6507E0063405D /* SDWebImageSwiftUI in Frameworks */ = {isa = PBXBuildFile; productRef = 064A71442CB6507E0063405D /* SDWebImageSwiftUI */; };
		06BC9AF32CB6C4A700DB4472 /* TimeFormatter.swift in Sources */ = {isa = PBXBuildFile; fileRef = 06BC9AF22CB6C4A700DB4472 /* TimeFormatter.swift */; };
		06CAD3352CAEAD3100073F79 /* CustomText.swift in Sources */ = {isa = PBXBuildFile; fileRef = 06CAD3342CAEAD3100073F79 /* CustomText.swift */; };
		774FAD9F2C9113B000197E5F /* ElsApp.swift in Sources */ = {isa = PBXBuildFile; fileRef = 774FAD9E2C9113B000197E5F /* ElsApp.swift */; };
		774FADA12C9113B000197E5F /* ContentView.swift in Sources */ = {isa = PBXBuildFile; fileRef = 774FADA02C9113B000197E5F /* ContentView.swift */; };
		774FADA32C9113B100197E5F /* Assets.xcassets in Resources */ = {isa = PBXBuildFile; fileRef = 774FADA22C9113B100197E5F /* Assets.xcassets */; };
		774FADA62C9113B100197E5F /* Preview Assets.xcassets in Resources */ = {isa = PBXBuildFile; fileRef = 774FADA52C9113B100197E5F /* Preview Assets.xcassets */; };
/* End PBXBuildFile section */

/* Begin PBXFileReference section */
		06A77E332CA9A09B00A237EF /* Info.plist */ = {isa = PBXFileReference; lastKnownFileType = text.plist; path = Info.plist; sourceTree = "<group>"; };
		06BC9AF22CB6C4A700DB4472 /* TimeFormatter.swift */ = {isa = PBXFileReference; lastKnownFileType = sourcecode.swift; path = TimeFormatter.swift; sourceTree = "<group>"; };
		06CAD3342CAEAD3100073F79 /* CustomText.swift */ = {isa = PBXFileReference; lastKnownFileType = sourcecode.swift; path = CustomText.swift; sourceTree = "<group>"; };
		774FAD9B2C9113B000197E5F /* Els.app */ = {isa = PBXFileReference; explicitFileType = wrapper.application; includeInIndex = 0; path = Els.app; sourceTree = BUILT_PRODUCTS_DIR; };
		774FAD9E2C9113B000197E5F /* ElsApp.swift */ = {isa = PBXFileReference; lastKnownFileType = sourcecode.swift; path = ElsApp.swift; sourceTree = "<group>"; };
		774FADA02C9113B000197E5F /* ContentView.swift */ = {isa = PBXFileReference; lastKnownFileType = sourcecode.swift; path = ContentView.swift; sourceTree = "<group>"; };
		774FADA22C9113B100197E5F /* Assets.xcassets */ = {isa = PBXFileReference; lastKnownFileType = folder.assetcatalog; path = Assets.xcassets; sourceTree = "<group>"; };
		774FADA52C9113B100197E5F /* Preview Assets.xcassets */ = {isa = PBXFileReference; lastKnownFileType = folder.assetcatalog; path = "Preview Assets.xcassets"; sourceTree = "<group>"; };
		774FADA72C9113B100197E5F /* Els.entitlements */ = {isa = PBXFileReference; lastKnownFileType = text.plist.entitlements; path = Els.entitlements; sourceTree = "<group>"; };
/* End PBXFileReference section */

/* Begin PBXFileSystemSynchronizedBuildFileExceptionSet section */
		770B60EF2C912249003942E4 /* PBXFileSystemSynchronizedBuildFileExceptionSet */ = {
			isa = PBXFileSystemSynchronizedBuildFileExceptionSet;
			membershipExceptions = (
				Connect/ConnectOkView.swift,
				Connect/ConnectView.swift,
				DashBoard_ICT/DashBoard_CharacterView.swift,
				DashBoard_ICT/DashBoardIctView.swift,
				DashBoard_ICT/Logo/DashBoardIctLogo.swift,
				DashBoard_ICT/Logo/DashBoardIctProfil.swift,
				DashBoard/Component/DashBoard_CheckingView.swift,
				DashBoard/Component/DashBoard_ConnectTimeView.swift,
				DashBoard/Component/DashBoard_DailyView.swift,
				DashBoard/Component/DashBoard_ExtendGraphView.swift,
				DashBoard/Component/DashBoard_Graph.swift,
				DashBoard/Component/DashBoard_LiveView.swift,
				DashBoard/Component/DashBoard_LogoView.swift,
				DashBoard/Component/DashBoardWatherView.swift,
				DashBoard/DashBoardView.swift,
				DashBoard/DashBoardViewModel.swift,
				Login/LoginView.swift,
				Login/LoginViewModel.swift,
				StartView.swift,
			);
			target = 774FAD9A2C9113B000197E5F /* Els */;
		};
/* End PBXFileSystemSynchronizedBuildFileExceptionSet section */

/* Begin PBXFileSystemSynchronizedRootGroup section */
		069AA17A2CA428F70024FCC4 /* Model */ = {isa = PBXFileSystemSynchronizedRootGroup; explicitFileTypes = {}; explicitFolders = (); path = Model; sourceTree = "<group>"; };
		774FADAD2C9113CB00197E5F /* View */ = {isa = PBXFileSystemSynchronizedRootGroup; exceptions = (770B60EF2C912249003942E4 /* PBXFileSystemSynchronizedBuildFileExceptionSet */, ); explicitFileTypes = {}; explicitFolders = (); path = View; sourceTree = "<group>"; };
/* End PBXFileSystemSynchronizedRootGroup section */

/* Begin PBXFrameworksBuildPhase section */
		774FAD982C9113B000197E5F /* Frameworks */ = {
			isa = PBXFrameworksBuildPhase;
			buildActionMask = 2147483647;
			files = (
				064A71452CB6507E0063405D /* SDWebImageSwiftUI in Frameworks */,
			);
			runOnlyForDeploymentPostprocessing = 0;
		};
/* End PBXFrameworksBuildPhase section */

/* Begin PBXGroup section */
		06BC9AF02CB6C48A00DB4472 /* Core */ = {
			isa = PBXGroup;
			children = (
				06BC9AF12CB6C49400DB4472 /* Extension */,
			);
			path = Core;
			sourceTree = "<group>";
		};
		06BC9AF12CB6C49400DB4472 /* Extension */ = {
			isa = PBXGroup;
			children = (
				06BC9AF22CB6C4A700DB4472 /* TimeFormatter.swift */,
			);
			path = Extension;
			sourceTree = "<group>";
		};
		06CAD3332CAEAD1B00073F79 /* Component */ = {
			isa = PBXGroup;
			children = (
				06CAD3342CAEAD3100073F79 /* CustomText.swift */,
			);
			path = Component;
			sourceTree = "<group>";
		};
		774FAD922C9113B000197E5F = {
			isa = PBXGroup;
			children = (
				774FAD9D2C9113B000197E5F /* Els */,
				774FAD9C2C9113B000197E5F /* Products */,
			);
			sourceTree = "<group>";
		};
		774FAD9C2C9113B000197E5F /* Products */ = {
			isa = PBXGroup;
			children = (
				774FAD9B2C9113B000197E5F /* Els.app */,
			);
			name = Products;
			sourceTree = "<group>";
		};
		774FAD9D2C9113B000197E5F /* Els */ = {
			isa = PBXGroup;
			children = (
				06A77E332CA9A09B00A237EF /* Info.plist */,
				06BC9AF02CB6C48A00DB4472 /* Core */,
				06CAD3332CAEAD1B00073F79 /* Component */,
				069AA17A2CA428F70024FCC4 /* Model */,
				774FADAD2C9113CB00197E5F /* View */,
				774FAD9E2C9113B000197E5F /* ElsApp.swift */,
				774FADA02C9113B000197E5F /* ContentView.swift */,
				774FADA22C9113B100197E5F /* Assets.xcassets */,
				774FADA72C9113B100197E5F /* Els.entitlements */,
				774FADA42C9113B100197E5F /* Preview Content */,
			);
			path = Els;
			sourceTree = "<group>";
		};
		774FADA42C9113B100197E5F /* Preview Content */ = {
			isa = PBXGroup;
			children = (
				774FADA52C9113B100197E5F /* Preview Assets.xcassets */,
			);
			path = "Preview Content";
			sourceTree = "<group>";
		};
/* End PBXGroup section */

/* Begin PBXNativeTarget section */
		774FAD9A2C9113B000197E5F /* Els */ = {
			isa = PBXNativeTarget;
			buildConfigurationList = 774FADAA2C9113B100197E5F /* Build configuration list for PBXNativeTarget "Els" */;
			buildPhases = (
				774FAD972C9113B000197E5F /* Sources */,
				774FAD982C9113B000197E5F /* Frameworks */,
				774FAD992C9113B000197E5F /* Resources */,
			);
			buildRules = (
			);
			dependencies = (
			);
			fileSystemSynchronizedGroups = (
				069AA17A2CA428F70024FCC4 /* Model */,
			);
			name = Els;
			productName = Els;
			productReference = 774FAD9B2C9113B000197E5F /* Els.app */;
			productType = "com.apple.product-type.application";
		};
/* End PBXNativeTarget section */

/* Begin PBXProject section */
		774FAD932C9113B000197E5F /* Project object */ = {
			isa = PBXProject;
			attributes = {
				BuildIndependentTargetsInParallel = 1;
				LastSwiftUpdateCheck = 1600;
				LastUpgradeCheck = 1600;
				TargetAttributes = {
					774FAD9A2C9113B000197E5F = {
						CreatedOnToolsVersion = 16.0;
					};
				};
			};
			buildConfigurationList = 774FAD962C9113B000197E5F /* Build configuration list for PBXProject "Els" */;
			compatibilityVersion = "Xcode 15.0";
			developmentRegion = en;
			hasScannedForEncodings = 0;
			knownRegions = (
				en,
				Base,
			);
			mainGroup = 774FAD922C9113B000197E5F;
			packageReferences = (
				064A71432CB6507E0063405D /* XCRemoteSwiftPackageReference "SDWebImageSwiftUI" */,
			);
			productRefGroup = 774FAD9C2C9113B000197E5F /* Products */;
			projectDirPath = "";
			projectRoot = "";
			targets = (
				774FAD9A2C9113B000197E5F /* Els */,
			);
		};
/* End PBXProject section */

/* Begin PBXResourcesBuildPhase section */
		774FAD992C9113B000197E5F /* Resources */ = {
			isa = PBXResourcesBuildPhase;
			buildActionMask = 2147483647;
			files = (
				774FADA62C9113B100197E5F /* Preview Assets.xcassets in Resources */,
				774FADA32C9113B100197E5F /* Assets.xcassets in Resources */,
			);
			runOnlyForDeploymentPostprocessing = 0;
		};
/* End PBXResourcesBuildPhase section */

/* Begin PBXSourcesBuildPhase section */
		774FAD972C9113B000197E5F /* Sources */ = {
			isa = PBXSourcesBuildPhase;
			buildActionMask = 2147483647;
			files = (
				774FADA12C9113B000197E5F /* ContentView.swift in Sources */,
				06BC9AF32CB6C4A700DB4472 /* TimeFormatter.swift in Sources */,
				774FAD9F2C9113B000197E5F /* ElsApp.swift in Sources */,
				06CAD3352CAEAD3100073F79 /* CustomText.swift in Sources */,
			);
			runOnlyForDeploymentPostprocessing = 0;
		};
/* End PBXSourcesBuildPhase section */

/* Begin XCBuildConfiguration section */
		774FADA82C9113B100197E5F /* Debug */ = {
			isa = XCBuildConfiguration;
			buildSettings = {
				ALWAYS_SEARCH_USER_PATHS = NO;
				ASSETCATALOG_COMPILER_GENERATE_SWIFT_ASSET_SYMBOL_EXTENSIONS = YES;
				CLANG_ANALYZER_NONNULL = YES;
				CLANG_ANALYZER_NUMBER_OBJECT_CONVERSION = YES_AGGRESSIVE;
				CLANG_CXX_LANGUAGE_STANDARD = "gnu++20";
				CLANG_ENABLE_MODULES = YES;
				CLANG_ENABLE_OBJC_ARC = YES;
				CLANG_ENABLE_OBJC_WEAK = YES;
				CLANG_WARN_BLOCK_CAPTURE_AUTORELEASING = YES;
				CLANG_WARN_BOOL_CONVERSION = YES;
				CLANG_WARN_COMMA = YES;
				CLANG_WARN_CONSTANT_CONVERSION = YES;
				CLANG_WARN_DEPRECATED_OBJC_IMPLEMENTATIONS = YES;
				CLANG_WARN_DIRECT_OBJC_ISA_USAGE = YES_ERROR;
				CLANG_WARN_DOCUMENTATION_COMMENTS = YES;
				CLANG_WARN_EMPTY_BODY = YES;
				CLANG_WARN_ENUM_CONVERSION = YES;
				CLANG_WARN_INFINITE_RECURSION = YES;
				CLANG_WARN_INT_CONVERSION = YES;
				CLANG_WARN_NON_LITERAL_NULL_CONVERSION = YES;
				CLANG_WARN_OBJC_IMPLICIT_RETAIN_SELF = YES;
				CLANG_WARN_OBJC_LITERAL_CONVERSION = YES;
				CLANG_WARN_OBJC_ROOT_CLASS = YES_ERROR;
				CLANG_WARN_QUOTED_INCLUDE_IN_FRAMEWORK_HEADER = YES;
				CLANG_WARN_RANGE_LOOP_ANALYSIS = YES;
				CLANG_WARN_STRICT_PROTOTYPES = YES;
				CLANG_WARN_SUSPICIOUS_MOVE = YES;
				CLANG_WARN_UNGUARDED_AVAILABILITY = YES_AGGRESSIVE;
				CLANG_WARN_UNREACHABLE_CODE = YES;
				CLANG_WARN__DUPLICATE_METHOD_MATCH = YES;
				COPY_PHASE_STRIP = NO;
				DEBUG_INFORMATION_FORMAT = dwarf;
				ENABLE_STRICT_OBJC_MSGSEND = YES;
				ENABLE_TESTABILITY = YES;
				ENABLE_USER_SCRIPT_SANDBOXING = YES;
				GCC_C_LANGUAGE_STANDARD = gnu17;
				GCC_DYNAMIC_NO_PIC = NO;
				GCC_NO_COMMON_BLOCKS = YES;
				GCC_OPTIMIZATION_LEVEL = 0;
				GCC_PREPROCESSOR_DEFINITIONS = (
					"DEBUG=1",
					"$(inherited)",
				);
				GCC_WARN_64_TO_32_BIT_CONVERSION = YES;
				GCC_WARN_ABOUT_RETURN_TYPE = YES_ERROR;
				GCC_WARN_UNDECLARED_SELECTOR = YES;
				GCC_WARN_UNINITIALIZED_AUTOS = YES_AGGRESSIVE;
				GCC_WARN_UNUSED_FUNCTION = YES;
				GCC_WARN_UNUSED_VARIABLE = YES;
				LOCALIZATION_PREFERS_STRING_CATALOGS = YES;
				MACOSX_DEPLOYMENT_TARGET = 15.0;
				MTL_ENABLE_DEBUG_INFO = INCLUDE_SOURCE;
				MTL_FAST_MATH = YES;
				ONLY_ACTIVE_ARCH = YES;
				SDKROOT = macosx;
				SWIFT_ACTIVE_COMPILATION_CONDITIONS = "DEBUG $(inherited)";
				SWIFT_OPTIMIZATION_LEVEL = "-Onone";
			};
			name = Debug;
		};
		774FADA92C9113B100197E5F /* Release */ = {
			isa = XCBuildConfiguration;
			buildSettings = {
				ALWAYS_SEARCH_USER_PATHS = NO;
				ASSETCATALOG_COMPILER_GENERATE_SWIFT_ASSET_SYMBOL_EXTENSIONS = YES;
				CLANG_ANALYZER_NONNULL = YES;
				CLANG_ANALYZER_NUMBER_OBJECT_CONVERSION = YES_AGGRESSIVE;
				CLANG_CXX_LANGUAGE_STANDARD = "gnu++20";
				CLANG_ENABLE_MODULES = YES;
				CLANG_ENABLE_OBJC_ARC = YES;
				CLANG_ENABLE_OBJC_WEAK = YES;
				CLANG_WARN_BLOCK_CAPTURE_AUTORELEASING = YES;
				CLANG_WARN_BOOL_CONVERSION = YES;
				CLANG_WARN_COMMA = YES;
				CLANG_WARN_CONSTANT_CONVERSION = YES;
				CLANG_WARN_DEPRECATED_OBJC_IMPLEMENTATIONS = YES;
				CLANG_WARN_DIRECT_OBJC_ISA_USAGE = YES_ERROR;
				CLANG_WARN_DOCUMENTATION_COMMENTS = YES;
				CLANG_WARN_EMPTY_BODY = YES;
				CLANG_WARN_ENUM_CONVERSION = YES;
				CLANG_WARN_INFINITE_RECURSION = YES;
				CLANG_WARN_INT_CONVERSION = YES;
				CLANG_WARN_NON_LITERAL_NULL_CONVERSION = YES;
				CLANG_WARN_OBJC_IMPLICIT_RETAIN_SELF = YES;
				CLANG_WARN_OBJC_LITERAL_CONVERSION = YES;
				CLANG_WARN_OBJC_ROOT_CLASS = YES_ERROR;
				CLANG_WARN_QUOTED_INCLUDE_IN_FRAMEWORK_HEADER = YES;
				CLANG_WARN_RANGE_LOOP_ANALYSIS = YES;
				CLANG_WARN_STRICT_PROTOTYPES = YES;
				CLANG_WARN_SUSPICIOUS_MOVE = YES;
				CLANG_WARN_UNGUARDED_AVAILABILITY = YES_AGGRESSIVE;
				CLANG_WARN_UNREACHABLE_CODE = YES;
				CLANG_WARN__DUPLICATE_METHOD_MATCH = YES;
				COPY_PHASE_STRIP = NO;
				DEBUG_INFORMATION_FORMAT = "dwarf-with-dsym";
				ENABLE_NS_ASSERTIONS = NO;
				ENABLE_STRICT_OBJC_MSGSEND = YES;
				ENABLE_USER_SCRIPT_SANDBOXING = YES;
				GCC_C_LANGUAGE_STANDARD = gnu17;
				GCC_NO_COMMON_BLOCKS = YES;
				GCC_WARN_64_TO_32_BIT_CONVERSION = YES;
				GCC_WARN_ABOUT_RETURN_TYPE = YES_ERROR;
				GCC_WARN_UNDECLARED_SELECTOR = YES;
				GCC_WARN_UNINITIALIZED_AUTOS = YES_AGGRESSIVE;
				GCC_WARN_UNUSED_FUNCTION = YES;
				GCC_WARN_UNUSED_VARIABLE = YES;
				LOCALIZATION_PREFERS_STRING_CATALOGS = YES;
				MACOSX_DEPLOYMENT_TARGET = 15.0;
				MTL_ENABLE_DEBUG_INFO = NO;
				MTL_FAST_MATH = YES;
				SDKROOT = macosx;
				SWIFT_COMPILATION_MODE = wholemodule;
			};
			name = Release;
		};
		774FADAB2C9113B100197E5F /* Debug */ = {
			isa = XCBuildConfiguration;
			buildSettings = {
				ASSETCATALOG_COMPILER_APPICON_NAME = AppIcon;
				ASSETCATALOG_COMPILER_GLOBAL_ACCENT_COLOR_NAME = AccentColor;
				CODE_SIGN_ENTITLEMENTS = Els/Els.entitlements;
				"CODE_SIGN_IDENTITY[sdk=macosx*]" = "-";
				CODE_SIGN_STYLE = Automatic;
				COMBINE_HIDPI_IMAGES = YES;
				CURRENT_PROJECT_VERSION = 1;
				DEVELOPMENT_ASSET_PATHS = "\"Els/Preview Content\"";
				DEVELOPMENT_TEAM = 72N6BJ6U9G;
				ENABLE_HARDENED_RUNTIME = YES;
				ENABLE_PREVIEWS = YES;
				GENERATE_INFOPLIST_FILE = YES;
				INFOPLIST_FILE = Els/Info.plist;
				INFOPLIST_KEY_CFBundleDisplayName = "Your App Display Name";
				INFOPLIST_KEY_LSApplicationCategoryType = "public.app-category.utilities";
				INFOPLIST_KEY_NSBluetoothAlwaysUsageDescription = "앱에서 주변 기기와의 연결을 위해 블루투스 권한이 필요합니다.";
				INFOPLIST_KEY_NSBluetoothPeripheralUsageDescription = "주변 블루투스 기기를 검색하고 연결하려면 권한이 필요합니다.";
				INFOPLIST_KEY_NSHumanReadableCopyright = "";
				INFOPLIST_KEY_NSLocationWhenInUseUsageDescription = "위치 감지를 위해 권한이 필요합니다";
				INFOPLIST_KEY_NSMotionUsageDescription = "모션감지를 위해 권한이 필요합니다";
				LD_RUNPATH_SEARCH_PATHS = (
					"$(inherited)",
					"@executable_path/../Frameworks",
				);
				MACOSX_DEPLOYMENT_TARGET = 15.0;
				MARKETING_VERSION = 1.0;
				PRODUCT_BUNDLE_IDENTIFIER = parksm.kor.kr;
				PRODUCT_NAME = "$(TARGET_NAME)";
				SWIFT_EMIT_LOC_STRINGS = YES;
				SWIFT_VERSION = 5.0;
			};
			name = Debug;
		};
		774FADAC2C9113B100197E5F /* Release */ = {
			isa = XCBuildConfiguration;
			buildSettings = {
				ASSETCATALOG_COMPILER_APPICON_NAME = AppIcon;
				ASSETCATALOG_COMPILER_GLOBAL_ACCENT_COLOR_NAME = AccentColor;
				CODE_SIGN_ENTITLEMENTS = Els/Els.entitlements;
				CODE_SIGN_IDENTITY = "Apple Development";
				"CODE_SIGN_IDENTITY[sdk=macosx*]" = "-";
				CODE_SIGN_STYLE = Automatic;
				COMBINE_HIDPI_IMAGES = YES;
				CURRENT_PROJECT_VERSION = 1;
				DEVELOPMENT_ASSET_PATHS = "\"Els/Preview Content\"";
				DEVELOPMENT_TEAM = 72N6BJ6U9G;
				ENABLE_HARDENED_RUNTIME = YES;
				ENABLE_PREVIEWS = YES;
				GENERATE_INFOPLIST_FILE = YES;
				INFOPLIST_FILE = Els/Info.plist;
				INFOPLIST_KEY_CFBundleDisplayName = "Your App Display Name";
				INFOPLIST_KEY_LSApplicationCategoryType = "public.app-category.utilities";
				INFOPLIST_KEY_NSBluetoothAlwaysUsageDescription = "앱에서 주변 기기와의 연결을 위해 블루투스 권한이 필요합니다.";
				INFOPLIST_KEY_NSBluetoothPeripheralUsageDescription = "주변 블루투스 기기를 검색하고 연결하려면 권한이 필요합니다.";
				INFOPLIST_KEY_NSHumanReadableCopyright = "";
				INFOPLIST_KEY_NSLocationWhenInUseUsageDescription = "위치 감지를 위해 권한이 필요합니다";
				INFOPLIST_KEY_NSMotionUsageDescription = "모션감지를 위해 권한이 필요합니다";
				LD_RUNPATH_SEARCH_PATHS = (
					"$(inherited)",
					"@executable_path/../Frameworks",
				);
				MACOSX_DEPLOYMENT_TARGET = 15.0;
				MARKETING_VERSION = 1.0;
				PRODUCT_BUNDLE_IDENTIFIER = parksm.kor.kr;
				PRODUCT_NAME = "$(TARGET_NAME)";
				PROVISIONING_PROFILE_SPECIFIER = "";
				SWIFT_EMIT_LOC_STRINGS = YES;
				SWIFT_VERSION = 5.0;
			};
			name = Release;
		};
/* End XCBuildConfiguration section */

/* Begin XCConfigurationList section */
		774FAD962C9113B000197E5F /* Build configuration list for PBXProject "Els" */ = {
			isa = XCConfigurationList;
			buildConfigurations = (
				774FADA82C9113B100197E5F /* Debug */,
				774FADA92C9113B100197E5F /* Release */,
			);
			defaultConfigurationIsVisible = 0;
			defaultConfigurationName = Release;
		};
		774FADAA2C9113B100197E5F /* Build configuration list for PBXNativeTarget "Els" */ = {
			isa = XCConfigurationList;
			buildConfigurations = (
				774FADAB2C9113B100197E5F /* Debug */,
				774FADAC2C9113B100197E5F /* Release */,
			);
			defaultConfigurationIsVisible = 0;
			defaultConfigurationName = Release;
		};
/* End XCConfigurationList section */

/* Begin XCRemoteSwiftPackageReference section */
		064A71432CB6507E0063405D /* XCRemoteSwiftPackageReference "SDWebImageSwiftUI" */ = {
			isa = XCRemoteSwiftPackageReference;
			repositoryURL = "https://github.com/SDWebImage/SDWebImageSwiftUI";
			requirement = {
				kind = upToNextMajorVersion;
				minimumVersion = 3.1.2;
			};
		};
/* End XCRemoteSwiftPackageReference section */

/* Begin XCSwiftPackageProductDependency section */
		064A71442CB6507E0063405D /* SDWebImageSwiftUI */ = {
			isa = XCSwiftPackageProductDependency;
			package = 064A71432CB6507E0063405D /* XCRemoteSwiftPackageReference "SDWebImageSwiftUI" */;
			productName = SDWebImageSwiftUI;
		};
/* End XCSwiftPackageProductDependency section */
	};
	rootObject = 774FAD932C9113B000197E5F /* Project object */;
}
